github.com/homelabcentral/hextra v0.14.0 h1:o1L8OLjETVnYH7BkqCwwGTNe7CRTcsqtUebL78UbPcw=
github.com/homelabcentral/hextra v0.14.0/go.mod h1:skK2vUqsBkwNf+dSxP8d/8w+kyaFUbQzb7fT3fQhJnY=
github.com/homelabcentral/hextra v0.14.2 h1:ePVPANVPvq6LKg81pSxV41e5/NGt6tmEdMy2XBUST/c=
github.com/homelabcentral/hextra v0.14.2/go.mod h1:skK2vUqsBkwNf+dSxP8d/8w+kyaFUbQzb7fT3fQhJnY=
github.com/homelabcentral/hextra v0.15.0 h1:5R1ZEY9kZQPvf8qpVmzpDIXgN+PkMWflB6Ynxkn9uok=
github.com/homelabcentral/hextra v0.15.0/go.mod h1:skK2vUqsBkwNf+dSxP8d/8w+kyaFUbQzb7fT3fQhJnY=
github.com/homelabcentral/hextra v0.16.0 h1:oKecmRzAncB4Cn03fQJC3K23JKheL57pWdE+orqSwic=
github.com/homelabcentral/hextra v0.16.0/go.mod h1:skK2vUqsBkwNf+dSxP8d/8w+kyaFUbQzb7fT3fQhJnY=
github.com/homelabcentral/hextra v0.17.0 h1:nZFGyh3Ylir4SPRJbTTV5pRt0307R4TP7vEF35NjIE0=
github.com/homelabcentral/hextra v0.17.0/go.mod h1:skK2vUqsBkwNf+dSxP8d/8w+kyaFUbQzb7fT3fQhJnY=
github.com/homelabcentral/hextra v0.17.1 h1:f0YjJHm6higf6FEiTwkbjsjvEzwI6ZbpjphBas155f0=
github.com/homelabcentral/hextra v0.17.1/go.mod h1:skK2vUqsBkwNf+dSxP8d/8w+kyaFUbQzb7fT3fQhJnY=
github.com/homelabcentral/hextra v0.17.2 h1:FfVBYnkAMWy9fugt044yM2JY12Fw+MARDv/HO/r1FUE=
github.com/homelabcentral/hextra v0.17.2/go.mod h1:skK2vUqsBkwNf+dSxP8d/8w+kyaFUbQzb7fT3fQhJnY=
